
Microsoft Visual Studio Solution File, Format Version 11.00
# Visual C# Express 2010
Project("{FAE04EC0-301F-11D3-BF4B-00C04F79EFBC}") = "KopiLua", "KopiLua\KopiLua.csproj", "{B754A868-A0FB-4270-B60D-E9CFF28ED540}"
EndProject
Project("{FAE04EC0-301F-11D3-BF4B-00C04F79EFBC}") = "KopiLuaDll", "KopiLuaDll\KopiLuaDll.csproj", "{A9659B55-727E-454F-B32D-E6C337031939}"
EndProject
Project("{FAE04EC0-301F-11D3-BF4B-00C04F79EFBC}") = "KopiLuaInterface", "KopiLuaInterface\KopiLuaInterface.csproj", "{976CA064-F07C-44C4-AC50-CF834EAD0BCA}"
EndProject
Project("{FAE04EC0-301F-11D3-BF4B-00C04F79EFBC}") = "LuaRunner", "LuaRunner\LuaRunner.csproj", "{3CE4CCB6-3465-43E3-B5ED-5FB9B70D20E5}"
EndProject
Project("{FAE04EC0-301F-11D3-BF4B-00C04F79EFBC}") = "SimpleTest", "SimpleTest\SimpleTest.csproj", "{62A2C241-3C98-491A-B0F5-DBE40B336FDB}"
EndProject
Project("{FAE04EC0-301F-11D3-BF4B-00C04F79EFBC}") = "TestLuaInterface", "TestLuaInterface\TestLuaInterface.csproj", "{AEAB974E-4F69-4840-A2C4-7BC55F7C7C3E}"
EndProject
Project("{FAE04EC0-301F-11D3-BF4B-00C04F79EFBC}") = "DummyLuaInterface", "DummyLuaInterface\DummyLuaInterface.csproj", "{F6583945-D4B9-4C11-93E1-2BDF84030A7E}"
EndProject
Global
	GlobalSection(SolutionConfigurationPlatforms) = preSolution
		Debug|Any CPU = Debug|Any CPU
		Release|Any CPU = Release|Any CPU
	EndGlobalSection
	GlobalSection(ProjectConfigurationPlatforms) = postSolution
		{B754A868-A0FB-4270-B60D-E9CFF28ED540}.Debug|Any CPU.ActiveCfg = Debug|Any CPU
		{B754A868-A0FB-4270-B60D-E9CFF28ED540}.Debug|Any CPU.Build.0 = Debug|Any CPU
		{B754A868-A0FB-4270-B60D-E9CFF28ED540}.Release|Any CPU.ActiveCfg = Release|Any CPU
		{B754A868-A0FB-4270-B60D-E9CFF28ED540}.Release|Any CPU.Build.0 = Release|Any CPU
		{A9659B55-727E-454F-B32D-E6C337031939}.Debug|Any CPU.ActiveCfg = Debug|Any CPU
		{A9659B55-727E-454F-B32D-E6C337031939}.Debug|Any CPU.Build.0 = Debug|Any CPU
		{A9659B55-727E-454F-B32D-E6C337031939}.Release|Any CPU.ActiveCfg = Release|Any CPU
		{A9659B55-727E-454F-B32D-E6C337031939}.Release|Any CPU.Build.0 = Release|Any CPU
		{976CA064-F07C-44C4-AC50-CF834EAD0BCA}.Debug|Any CPU.ActiveCfg = Debug|Any CPU
		{976CA064-F07C-44C4-AC50-CF834EAD0BCA}.Debug|Any CPU.Build.0 = Debug|Any CPU
		{976CA064-F07C-44C4-AC50-CF834EAD0BCA}.Release|Any CPU.ActiveCfg = Release|Any CPU
		{976CA064-F07C-44C4-AC50-CF834EAD0BCA}.Release|Any CPU.Build.0 = Release|Any CPU
		{3CE4CCB6-3465-43E3-B5ED-5FB9B70D20E5}.Debug|Any CPU.ActiveCfg = Debug|Any CPU
		{3CE4CCB6-3465-43E3-B5ED-5FB9B70D20E5}.Debug|Any CPU.Build.0 = Debug|Any CPU
		{3CE4CCB6-3465-43E3-B5ED-5FB9B70D20E5}.Release|Any CPU.ActiveCfg = Release|Any CPU
		{3CE4CCB6-3465-43E3-B5ED-5FB9B70D20E5}.Release|Any CPU.Build.0 = Release|Any CPU
		{62A2C241-3C98-491A-B0F5-DBE40B336FDB}.Debug|Any CPU.ActiveCfg = Debug|Any CPU
		{62A2C241-3C98-491A-B0F5-DBE40B336FDB}.Debug|Any CPU.Build.0 = Debug|Any CPU
		{62A2C241-3C98-491A-B0F5-DBE40B336FDB}.Release|Any CPU.ActiveCfg = Release|Any CPU
		{62A2C241-3C98-491A-B0F5-DBE40B336FDB}.Release|Any CPU.Build.0 = Release|Any CPU
		{AEAB974E-4F69-4840-A2C4-7BC55F7C7C3E}.Debug|Any CPU.ActiveCfg = Debug|Any CPU
		{AEAB974E-4F69-4840-A2C4-7BC55F7C7C3E}.Debug|Any CPU.Build.0 = Debug|Any CPU
		{AEAB974E-4F69-4840-A2C4-7BC55F7C7C3E}.Release|Any CPU.ActiveCfg = Release|Any CPU
		{AEAB974E-4F69-4840-A2C4-7BC55F7C7C3E}.Release|Any CPU.Build.0 = Release|Any CPU
		{F6583945-D4B9-4C11-93E1-2BDF84030A7E}.Debug|Any CPU.ActiveCfg = Debug|Any CPU
		{F6583945-D4B9-4C11-93E1-2BDF84030A7E}.Debug|Any CPU.Build.0 = Debug|Any CPU
		{F6583945-D4B9-4C11-93E1-2BDF84030A7E}.Release|Any CPU.ActiveCfg = Release|Any CPU
		{F6583945-D4B9-4C11-93E1-2BDF84030A7E}.Release|Any CPU.Build.0 = Release|Any CPU
	EndGlobalSection
	GlobalSection(SolutionProperties) = preSolution
		HideSolutionNode = FALSE
	EndGlobalSection
EndGlobal
